// !$*UTF8*$!
{
	archiveVersion = 1;
	classes = {
	};
	objectVersion = 50;
	objects = {

/* Begin PBXBuildFile section */
		578F5FF92178927800E79C1A /* AppDelegate.swift in Sources */ = {isa = PBXBuildFile; fileRef = 578F5FF82178927800E79C1A /* AppDelegate.swift */; };
		578F5FFE2178927800E79C1A /* Main.storyboard in Resources */ = {isa = PBXBuildFile; fileRef = 578F5FFC2178927800E79C1A /* Main.storyboard */; };
		578F60002178927900E79C1A /* Assets.xcassets in Resources */ = {isa = PBXBuildFile; fileRef = 578F5FFF2178927900E79C1A /* Assets.xcassets */; };
		578F60032178927900E79C1A /* LaunchScreen.storyboard in Resources */ = {isa = PBXBuildFile; fileRef = 578F60012178927900E79C1A /* LaunchScreen.storyboard */; };
		578F60102178CFB300E79C1A /* NetworkService.swift in Sources */ = {isa = PBXBuildFile; fileRef = 578F600F2178CFB300E79C1A /* NetworkService.swift */; };
		578F60122178D2B900E79C1A /* Post.swift in Sources */ = {isa = PBXBuildFile; fileRef = 578F60112178D2B900E79C1A /* Post.swift */; };
		578F60142178D8BB00E79C1A /* PostsViewController.swift in Sources */ = {isa = PBXBuildFile; fileRef = 578F60132178D8BB00E79C1A /* PostsViewController.swift */; };
		E21FD3438BBD6590C3C97328 /* Pods_MoyaSample.framework in Frameworks */ = {isa = PBXBuildFile; fileRef = 592FAB41BBAC67C1EE174725 /* Pods_MoyaSample.framework */; };
/* End PBXBuildFile section */

/* Begin PBXFileReference section */
		02F6E934D6BBC7CE0E9FEA24 /* Pods-MoyaSample.debug.xcconfig */ = {isa = PBXFileReference; includeInIndex = 1; lastKnownFileType = text.xcconfig; name = "Pods-MoyaSample.debug.xcconfig"; path = "Pods/Target Support Files/Pods-MoyaSample/Pods-MoyaSample.debug.xcconfig"; sourceTree = "<group>"; };
		578F5FF52178927800E79C1A /* MoyaSample.app */ = {isa = PBXFileReference; explicitFileType = wrapper.application; includeInIndex = 0; path = MoyaSample.app; sourceTree = BUILT_PRODUCTS_DIR; };
		578F5FF82178927800E79C1A /* AppDelegate.swift */ = {isa = PBXFileReference; lastKnownFileType = sourcecode.swift; path = AppDelegate.swift; sourceTree = "<group>"; };
		578F5FFD2178927800E79C1A /* Base */ = {isa = PBXFileReference; lastKnownFileType = file.storyboard; name = Base; path = Base.lproj/Main.storyboard; sourceTree = "<group>"; };
		578F5FFF2178927900E79C1A /* Assets.xcassets */ = {isa = PBXFileReference; lastKnownFileType = folder.assetcatalog; path = Assets.xcassets; sourceTree = "<group>"; };
		578F60022178927900E79C1A /* Base */ = {isa = PBXFileReference; lastKnownFileType = file.storyboard; name = Base; path = Base.lproj/LaunchScreen.storyboard; sourceTree = "<group>"; };
		578F60042178927900E79C1A /* Info.plist */ = {isa = PBXFileReference; lastKnownFileType = text.plist.xml; path = Info.plist; sourceTree = "<group>"; };
		578F600F2178CFB300E79C1A /* NetworkService.swift */ = {isa = PBXFileReference; lastKnownFileType = sourcecode.swift; path = NetworkService.swift; sourceTree = "<group>"; };
		578F60112178D2B900E79C1A /* Post.swift */ = {isa = PBXFileReference; lastKnownFileType = sourcecode.swift; path = Post.swift; sourceTree = "<group>"; };
		578F60132178D8BB00E79C1A /* PostsViewController.swift */ = {isa = PBXFileReference; lastKnownFileType = sourcecode.swift; path = PostsViewController.swift; sourceTree = "<group>"; };
		592FAB41BBAC67C1EE174725 /* Pods_MoyaSample.framework */ = {isa = PBXFileReference; explicitFileType = wrapper.framework; includeInIndex = 0; path = Pods_MoyaSample.framework; sourceTree = BUILT_PRODUCTS_DIR; };
		CDF565463166B2AFA11A8083 /* Pods-MoyaSample.release.xcconfig */ = {isa = PBXFileReference; includeInIndex = 1; lastKnownFileType = text.xcconfig; name = "Pods-MoyaSample.release.xcconfig"; path = "Pods/Target Support Files/Pods-MoyaSample/Pods-MoyaSample.release.xcconfig"; sourceTree = "<group>"; };
/* End PBXFileReference section */

/* Begin PBXFrameworksBuildPhase section */
		578F5FF22178927800E79C1A /* Frameworks */ = {
			isa = PBXFrameworksBuildPhase;
			buildActionMask = 2147483647;
			files = (
				E21FD3438BBD6590C3C97328 /* Pods_MoyaSample.framework in Frameworks */,
			);
			runOnlyForDeploymentPostprocessing = 0;
		};
/* End PBXFrameworksBuildPhase section */

/* Begin PBXGroup section */
		578F5FEC2178927800E79C1A = {
			isa = PBXGroup;
			children = (
				578F5FF72178927800E79C1A /* MoyaSample */,
				578F5FF62178927800E79C1A /* Products */,
				90C9163C06804A7625EA77FC /* Pods */,
				E80EEC613A79E67E49CB5E7F /* Frameworks */,
			);
			sourceTree = "<group>";
		};
		578F5FF62178927800E79C1A /* Products */ = {
			isa = PBXGroup;
			children = (
				578F5FF52178927800E79C1A /* MoyaSample.app */,
			);
			name = Products;
			sourceTree = "<group>";
		};
		578F5FF72178927800E79C1A /* MoyaSample */ = {
			isa = PBXGroup;
			children = (
				578F600E217895B300E79C1A /* AppDelegate */,
				578F600A2178951900E79C1A /* Classess */,
				578F600C2178951A00E79C1A /* Helpers */,
				578F600B2178951900E79C1A /* Models */,
				578F5FFC2178927800E79C1A /* Main.storyboard */,
				578F5FFF2178927900E79C1A /* Assets.xcassets */,
				578F60012178927900E79C1A /* LaunchScreen.storyboard */,
				578F60042178927900E79C1A /* Info.plist */,
			);
			path = MoyaSample;
			sourceTree = "<group>";
		};
		578F600A2178951900E79C1A /* Classess */ = {
			isa = PBXGroup;
			children = (
				578F60132178D8BB00E79C1A /* PostsViewController.swift */,
			);
			path = Classess;
			sourceTree = "<group>";
		};
		578F600B2178951900E79C1A /* Models */ = {
			isa = PBXGroup;
			children = (
				578F60112178D2B900E79C1A /* Post.swift */,
			);
			path = Models;
			sourceTree = "<group>";
		};
		578F600C2178951A00E79C1A /* Helpers */ = {
			isa = PBXGroup;
			children = (
				578F600F2178CFB300E79C1A /* NetworkService.swift */,
			);
			path = Helpers;
			sourceTree = "<group>";
		};
		578F600E217895B300E79C1A /* AppDelegate */ = {
			isa = PBXGroup;
			children = (
				578F5FF82178927800E79C1A /* AppDelegate.swift */,
			);
			path = AppDelegate;
			sourceTree = "<group>";
		};
		90C9163C06804A7625EA77FC /* Pods */ = {
			isa = PBXGroup;
			children = (
				02F6E934D6BBC7CE0E9FEA24 /* Pods-MoyaSample.debug.xcconfig */,
				CDF565463166B2AFA11A8083 /* Pods-MoyaSample.release.xcconfig */,
			);
			name = Pods;
			sourceTree = "<group>";
		};
		E80EEC613A79E67E49CB5E7F /* Frameworks */ = {
			isa = PBXGroup;
			children = (
				592FAB41BBAC67C1EE174725 /* Pods_MoyaSample.framework */,
			);
			name = Frameworks;
			sourceTree = "<group>";
		};
/* End PBXGroup section */

/* Begin PBXNativeTarget section */
		578F5FF42178927800E79C1A /* MoyaSample */ = {
			isa = PBXNativeTarget;
			buildConfigurationList = 578F60072178927900E79C1A /* Build configuration list for PBXNativeTarget "MoyaSample" */;
			buildPhases = (
				7BEFAF6572610F41E167DA06 /* [CP] Check Pods Manifest.lock */,
				578F5FF12178927800E79C1A /* Sources */,
				578F5FF22178927800E79C1A /* Frameworks */,
				578F5FF32178927800E79C1A /* Resources */,
				5C227F7A2F0A6CF2D40E7769 /* [CP] Embed Pods Frameworks */,
			);
			buildRules = (
			);
			dependencies = (
			);
			name = MoyaSample;
			productName = MoyaSample;
			productReference = 578F5FF52178927800E79C1A /* MoyaSample.app */;
			productType = "com.apple.product-type.application";
		};
/* End PBXNativeTarget section */

/* Begin PBXProject section */
		578F5FED2178927800E79C1A /* Project object */ = {
			isa = PBXProject;
			attributes = {
				LastSwiftUpdateCheck = 0930;
				LastUpgradeCheck = 0930;
				ORGANIZATIONNAME = "Silvio Bulla";
				TargetAttributes = {
					578F5FF42178927800E79C1A = {
						CreatedOnToolsVersion = 9.3;
					};
				};
			};
			buildConfigurationList = 578F5FF02178927800E79C1A /* Build configuration list for PBXProject "MoyaSample" */;
			compatibilityVersion = "Xcode 9.3";
			developmentRegion = en;
			hasScannedForEncodings = 0;
			knownRegions = (
				en,
				Base,
			);
			mainGroup = 578F5FEC2178927800E79C1A;
			productRefGroup = 578F5FF62178927800E79C1A /* Products */;
			projectDirPath = "";
			projectRoot = "";
			targets = (
				578F5FF42178927800E79C1A /* MoyaSample */,
			);
		};
/* End PBXProject section */

/* Begin PBXResourcesBuildPhase section */
		578F5FF32178927800E79C1A /* Resources */ = {
			isa = PBXResourcesBuildPhase;
			buildActionMask = 2147483647;
			files = (
				578F60032178927900E79C1A /* LaunchScreen.storyboard in Resources */,
				578F60002178927900E79C1A /* Assets.xcassets in Resources */,
				578F5FFE2178927800E79C1A /* Main.storyboard in Resources */,
			);
			runOnlyForDeploymentPostprocessing = 0;
		};
/* End PBXResourcesBuildPhase section */

/* Begin PBXShellScriptBuildPhase section */
		5C227F7A2F0A6CF2D40E7769 /* [CP] Embed Pods Frameworks */ = {
			isa = PBXShellScriptBuildPhase;
			buildActionMask = 2147483647;
			files = (
			);
			inputPaths = (
				"${SRCROOT}/Pods/Target Support Files/Pods-MoyaSample/Pods-MoyaSample-frameworks.sh",
				"${BUILT_PRODUCTS_DIR}/Alamofire/Alamofire.framework",
				"${BUILT_PRODUCTS_DIR}/Moya/Moya.framework",
				"${BUILT_PRODUCTS_DIR}/Result/Result.framework",
			);
			name = "[CP] Embed Pods Frameworks";
			outputPaths = (
				"${TARGET_BUILD_DIR}/${FRAMEWORKS_FOLDER_PATH}/Alamofire.framework",
				"${TARGET_BUILD_DIR}/${FRAMEWORKS_FOLDER_PATH}/Moya.framework",
				"${TARGET_BUILD_DIR}/${FRAMEWORKS_FOLDER_PATH}/Result.framework",
			);
			runOnlyForDeploymentPostprocessing = 0;
			shellPath = /bin/sh;
			shellScript = "\"${SRCROOT}/Pods/Target Support Files/Pods-MoyaSample/Pods-MoyaSample-frameworks.sh\"\n";
			showEnvVarsInLog = 0;
		};
		7BEFAF6572610F41E167DA06 /* [CP] Check Pods Manifest.lock */ = {
			isa = PBXShellScriptBuildPhase;
			buildActionMask = 2147483647;
			files = (
			);
			inputPaths = (
				"${PODS_PODFILE_DIR_PATH}/Podfile.lock",
				"${PODS_ROOT}/Manifest.lock",
			);
			name = "[CP] Check Pods Manifest.lock";
			outputPaths = (
				"$(DERIVED_FILE_DIR)/Pods-MoyaSample-checkManifestLockResult.txt",
			);
			runOnlyForDeploymentPostprocessing = 0;
			shellPath = /bin/sh;
			shellScript = "diff \"${PODS_PODFILE_DIR_PATH}/Podfile.lock\" \"${PODS_ROOT}/Manifest.lock\" > /dev/null\nif [ $? != 0 ] ; then\n    # print error to STDERR\n    echo \"error: The sandbox is not in sync with the Podfile.lock. Run 'pod install' or update your CocoaPods installation.\" >&2\n    exit 1\nfi\n# This output is used by Xcode 'outputs' to avoid re-running this script phase.\necho \"SUCCESS\" > \"${SCRIPT_OUTPUT_FILE_0}\"\n";
			showEnvVarsInLog = 0;
		};
/* End PBXShellScriptBuildPhase section */

/* Begin PBXSourcesBuildPhase section */
		578F5FF12178927800E79C1A /* Sources */ = {
			isa = PBXSourcesBuildPhase;
			buildActionMask = 2147483647;
			files = (
				578F60142178D8BB00E79C1A /* PostsViewController.swift in Sources */,
				578F60102178CFB300E79C1A /* NetworkService.swift in Sources */,
				578F5FF92178927800E79C1A /* AppDelegate.swift in Sources */,
				578F60122178D2B900E79C1A /* Post.swift in Sources */,
			);
			runOnlyForDeploymentPostprocessing = 0;
		};
/* End PBXSourcesBuildPhase section */

/* Begin PBXVariantGroup section */
		578F5FFC2178927800E79C1A /* Main.storyboard */ = {
			isa = PBXVariantGroup;
			children = (
				578F5FFD2178927800E79C1A /* Base */,
			);
			name = Main.storyboard;
			sourceTree = "<group>";
		};
		578F60012178927900E79C1A /* LaunchScreen.storyboard */ = {
			isa = PBXVariantGroup;
			children = (
				578F60022178927900E79C1A /* Base */,
			);
			name = LaunchScreen.storyboard;
			sourceTree = "<group>";
		};
/* End PBXVariantGroup section */

/* Begin XCBuildConfiguration section */
		578F60052178927900E79C1A /* Debug */ = {
			isa = XCBuildConfiguration;
			buildSettings = {
				ALWAYS_SEARCH_USER_PATHS = NO;
				CLANG_ANALYZER_NONNULL = YES;
				CLANG_ANALYZER_NUMBER_OBJECT_CONVERSION = YES_AGGRESSIVE;
				CLANG_CXX_LANGUAGE_STANDARD = "gnu++14";
				CLANG_CXX_LIBRARY = "libc++";
				CLANG_ENABLE_MODULES = YES;
				CLANG_ENABLE_OBJC_ARC = YES;
				CLANG_ENABLE_OBJC_WEAK = YES;
				CLANG_WARN_BLOCK_CAPTURE_AUTORELEASING = YES;
				CLANG_WARN_BOOL_CONVERSION = YES;
				CLANG_WARN_COMMA = YES;
				CLANG_WARN_CONSTANT_CONVERSION = YES;
				CLANG_WARN_DEPRECATED_OBJC_IMPLEMENTATIONS = YES;
				CLANG_WARN_DIRECT_OBJC_ISA_USAGE = YES_ERROR;
				CLANG_WARN_DOCUMENTATION_COMMENTS = YES;
				CLANG_WARN_EMPTY_BODY = YES;
				CLANG_WARN_ENUM_CONVERSION = YES;
				CLANG_WARN_INFINITE_RECURSION = YES;
				CLANG_WARN_INT_CONVERSION = YES;
				CLANG_WARN_NON_LITERAL_NULL_CONVERSION = YES;
				CLANG_WARN_OBJC_IMPLICIT_RETAIN_SELF = YES;
				CLANG_WARN_OBJC_LITERAL_CONVERSION = YES;
				CLANG_WARN_OBJC_ROOT_CLASS = YES_ERROR;
				CLANG_WARN_RANGE_LOOP_ANALYSIS = YES;
				CLANG_WARN_STRICT_PROTOTYPES = YES;
				CLANG_WARN_SUSPICIOUS_MOVE = YES;
				CLANG_WARN_UNGUARDED_AVAILABILITY = YES_AGGRESSIVE;
				CLANG_WARN_UNREACHABLE_CODE = YES;
				CLANG_WARN__DUPLICATE_METHOD_MATCH = YES;
				CODE_SIGN_IDENTITY = "iPhone Developer";
				COPY_PHASE_STRIP = NO;
				DEBUG_INFORMATION_FORMAT = dwarf;
				ENABLE_STRICT_OBJC_MSGSEND = YES;
				ENABLE_TESTABILITY = YES;
				GCC_C_LANGUAGE_STANDARD = gnu11;
				GCC_DYNAMIC_NO_PIC = NO;
				GCC_NO_COMMON_BLOCKS = YES;
				GCC_OPTIMIZATION_LEVEL = 0;
				GCC_PREPROCESSOR_DEFINITIONS = (
					"DEBUG=1",
					"$(inherited)",
				);
				GCC_WARN_64_TO_32_BIT_CONVERSION = YES;
				GCC_WARN_ABOUT_RETURN_TYPE = YES_ERROR;
				GCC_WARN_UNDECLARED_SELECTOR = YES;
				GCC_WARN_UNINITIALIZED_AUTOS = YES_AGGRESSIVE;
				GCC_WARN_UNUSED_FUNCTION = YES;
				GCC_WARN_UNUSED_VARIABLE = YES;
				IPHONEOS_DEPLOYMENT_TARGET = 11.3;
				MTL_ENABLE_DEBUG_INFO = YES;
				ONLY_ACTIVE_ARCH = YES;
				SDKROOT = iphoneos;
				SWIFT_ACTIVE_COMPILATION_CONDITIONS = DEBUG;
				SWIFT_OPTIMIZATION_LEVEL = "-Onone";
			};
			name = Debug;
		};
		578F60062178927900E79C1A /* Release */ = {
			isa = XCBuildConfiguration;
			buildSettings = {
				ALWAYS_SEARCH_USER_PATHS = NO;
				CLANG_ANALYZER_NONNULL = YES;
				CLANG_ANALYZER_NUMBER_OBJECT_CONVERSION = YES_AGGRESSIVE;
				CLANG_CXX_LANGUAGE_STANDARD = "gnu++14";
				CLANG_CXX_LIBRARY = "libc++";
				CLANG_ENABLE_MODULES = YES;
				CLANG_ENABLE_OBJC_ARC = YES;
				CLANG_ENABLE_OBJC_WEAK = YES;
				CLANG_WARN_BLOCK_CAPTURE_AUTORELEASING = YES;
				CLANG_WARN_BOOL_CONVERSION = YES;
				CLANG_WARN_COMMA = YES;
				CLANG_WARN_CONSTANT_CONVERSION = YES;
				CLANG_WARN_DEPRECATED_OBJC_IMPLEMENTATIONS = YES;
				CLANG_WARN_DIRECT_OBJC_ISA_USAGE = YES_ERROR;
				CLANG_WARN_DOCUMENTATION_COMMENTS = YES;
				CLANG_WARN_EMPTY_BODY = YES;
				CLANG_WARN_ENUM_CONVERSION = YES;
				CLANG_WARN_INFINITE_RECURSION = YES;
				CLANG_WARN_INT_CONVERSION = YES;
				CLANG_WARN_NON_LITERAL_NULL_CONVERSION = YES;
				CLANG_WARN_OBJC_IMPLICIT_RETAIN_SELF = YES;
				CLANG_WARN_OBJC_LITERAL_CONVERSION = YES;
				CLANG_WARN_OBJC_ROOT_CLASS = YES_ERROR;
				CLANG_WARN_RANGE_LOOP_ANALYSIS = YES;
				CLANG_WARN_STRICT_PROTOTYPES = YES;
				CLANG_WARN_SUSPICIOUS_MOVE = YES;
				CLANG_WARN_UNGUARDED_AVAILABILITY = YES_AGGRESSIVE;
				CLANG_WARN_UNREACHABLE_CODE = YES;
				CLANG_WARN__DUPLICATE_METHOD_MATCH = YES;
				CODE_SIGN_IDENTITY = "iPhone Developer";
				COPY_PHASE_STRIP = NO;
				DEBUG_INFORMATION_FORMAT = "dwarf-with-dsym";
				ENABLE_NS_ASSERTIONS = NO;
				ENABLE_STRICT_OBJC_MSGSEND = YES;
				GCC_C_LANGUAGE_STANDARD = gnu11;
				GCC_NO_COMMON_BLOCKS = YES;
				GCC_WARN_64_TO_32_BIT_CONVERSION = YES;
				GCC_WARN_ABOUT_RETURN_TYPE = YES_ERROR;
				GCC_WARN_UNDECLARED_SELECTOR = YES;
				GCC_WARN_UNINITIALIZED_AUTOS = YES_AGGRESSIVE;
				GCC_WARN_UNUSED_FUNCTION = YES;
				GCC_WARN_UNUSED_VARIABLE = YES;
				IPHONEOS_DEPLOYMENT_TARGET = 11.3;
				MTL_ENABLE_DEBUG_INFO = NO;
				SDKROOT = iphoneos;
				SWIFT_COMPILATION_MODE = wholemodule;
				SWIFT_OPTIMIZATION_LEVEL = "-O";
				VALIDATE_PRODUCT = YES;
			};
			name = Release;
		};
		578F60082178927900E79C1A /* Debug */ = {
			isa = XCBuildConfiguration;
			baseConfigurationReference = 02F6E934D6BBC7CE0E9FEA24 /* Pods-MoyaSample.debug.xcconfig */;
			buildSettings = {
				ASSETCATALOG_COMPILER_APPICON_NAME = AppIcon;
				CODE_SIGN_STYLE = Automatic;
				DEVELOPMENT_TEAM = H283372B6R;
				INFOPLIST_FILE = MoyaSample/Info.plist;
				IPHONEOS_DEPLOYMENT_TARGET = 11.0;
				LD_RUNPATH_SEARCH_PATHS = (
					"$(inherited)",
					"@executable_path/Frameworks",
				);
				PRODUCT_BUNDLE_IDENTIFIER = com.silviobulla.MoyaSample;
				PRODUCT_NAME = "$(TARGET_NAME)";
				SWIFT_VERSION = 4.0;
				TARGETED_DEVICE_FAMILY = "1,2";
			};
			name = Debug;
		};
		578F60092178927900E79C1A /* Release */ = {
			isa = XCBuildConfiguration;
			baseConfigurationReference = CDF565463166B2AFA11A8083 /* Pods-MoyaSample.release.xcconfig */;
			buildSettings = {
				ASSETCATALOG_COMPILER_APPICON_NAME = AppIcon;
				CODE_SIGN_STYLE = Automatic;
				DEVELOPMENT_TEAM = H283372B6R;
				INFOPLIST_FILE = MoyaSample/Info.plist;
				IPHONEOS_DEPLOYMENT_TARGET = 11.0;
				LD_RUNPATH_SEARCH_PATHS = (
					"$(inherited)",
					"@executable_path/Frameworks",
				);
				PRODUCT_BUNDLE_IDENTIFIER = com.silviobulla.MoyaSample;
				PRODUCT_NAME = "$(TARGET_NAME)";
				SWIFT_VERSION = 4.0;
				TARGETED_DEVICE_FAMILY = "1,2";
			};
			name = Release;
		};
/* End XCBuildConfiguration section */

/* Begin XCConfigurationList section */
		578F5FF02178927800E79C1A /* Build configuration list for PBXProject "MoyaSample" */ = {
			isa = XCConfigurationList;
			buildConfigurations = (
				578F60052178927900E79C1A /* Debug */,
				578F60062178927900E79C1A /* Release */,
			);
			defaultConfigurationIsVisible = 0;
			defaultConfigurationName = Release;
		};
		578F60072178927900E79C1A /* Build configuration list for PBXNativeTarget "MoyaSample" */ = {
			isa = XCConfigurationList;
			buildConfigurations = (
				578F60082178927900E79C1A /* Debug */,
				578F60092178927900E79C1A /* Release */,
			);
			defaultConfigurationIsVisible = 0;
			defaultConfigurationName = Release;
		};
/* End XCConfigurationList section */
	};
	rootObject = 578F5FED2178927800E79C1A /* Project object */;
}
